// !$*UTF8*$!
{
	archiveVersion = 1;
	classes = {
	};
	objectVersion = 56;
	objects = {

/* Begin PBXBuildFile section */
		0C1BCEF329FE57AF00E805B3 /* extension+UIViewController.swift in Sources */ = {isa = PBXBuildFile; fileRef = 0C1BCEF229FE57AF00E805B3 /* extension+UIViewController.swift */; };
		0C1BCEF529FE6B6F00E805B3 /* OneTimeCodeViewController.swift in Sources */ = {isa = PBXBuildFile; fileRef = 0C1BCEF429FE6B6F00E805B3 /* OneTimeCodeViewController.swift */; };
		0C1BCEF729FE712B00E805B3 /* CustomSegue.swift in Sources */ = {isa = PBXBuildFile; fileRef = 0C1BCEF629FE712B00E805B3 /* CustomSegue.swift */; };
		0C1BCEF929FE715400E805B3 /* CustomSegueWithBack.swift in Sources */ = {isa = PBXBuildFile; fileRef = 0C1BCEF829FE715400E805B3 /* CustomSegueWithBack.swift */; };
		0C2582DA2A209B010064BD7A /* RegistrationStatusViewProtocol.swift in Sources */ = {isa = PBXBuildFile; fileRef = 0C2582D92A209B010064BD7A /* RegistrationStatusViewProtocol.swift */; };
		0C2582DD2A20AF4E0064BD7A /* RepresentiveCodeView.swift in Sources */ = {isa = PBXBuildFile; fileRef = 0C2582DC2A20AF4E0064BD7A /* RepresentiveCodeView.swift */; };
		0C2582E12A20E96C0064BD7A /* RegistrationFlowView_NextButton_Protocol.swift in Sources */ = {isa = PBXBuildFile; fileRef = 0C2582E02A20E96C0064BD7A /* RegistrationFlowView_NextButton_Protocol.swift */; };
		0C2582E32A20EDA70064BD7A /* RegistrationFlowView_NextButton.swift in Sources */ = {isa = PBXBuildFile; fileRef = 0C2582E22A20EDA70064BD7A /* RegistrationFlowView_NextButton.swift */; };
		0C2582E52A212B6D0064BD7A /* RegistrationFlowNextDelegate.swift in Sources */ = {isa = PBXBuildFile; fileRef = 0C2582E42A212B6D0064BD7A /* RegistrationFlowNextDelegate.swift */; };
		0C2582E72A212EF90064BD7A /* RegistrationFlowView_TextField_NextButton_Protocol.swift in Sources */ = {isa = PBXBuildFile; fileRef = 0C2582E62A212EF90064BD7A /* RegistrationFlowView_TextField_NextButton_Protocol.swift */; };
		0C2582E92A212F570064BD7A /* RegistrationFlowView_TextField_NextButton.swift in Sources */ = {isa = PBXBuildFile; fileRef = 0C2582E82A212F570064BD7A /* RegistrationFlowView_TextField_NextButton.swift */; };
		0C2582EB2A2147290064BD7A /* TextFieldEditingChangedDelegate.swift in Sources */ = {isa = PBXBuildFile; fileRef = 0C2582EA2A2147290064BD7A /* TextFieldEditingChangedDelegate.swift */; };
		0C2582ED2A2154DA0064BD7A /* RepresentiveCodeViewProtocol.swift in Sources */ = {isa = PBXBuildFile; fileRef = 0C2582EC2A2154DA0064BD7A /* RepresentiveCodeViewProtocol.swift */; };
		0C2582F62A21E07E0064BD7A /* PhoneNumberView.swift in Sources */ = {isa = PBXBuildFile; fileRef = 0C2582F52A21E07E0064BD7A /* PhoneNumberView.swift */; };
		0C2582FA2A21EF5D0064BD7A /* RegistrationFlowView_TextField_ValidatoinLabel_NextButton_Protocol.swift in Sources */ = {isa = PBXBuildFile; fileRef = 0C2582F92A21EF5D0064BD7A /* RegistrationFlowView_TextField_ValidatoinLabel_NextButton_Protocol.swift */; };
		0C2582FC2A21EF970064BD7A /* RegistrationFlowView_TextField_ValidatoinLabel_NextButton.swift in Sources */ = {isa = PBXBuildFile; fileRef = 0C2582FB2A21EF970064BD7A /* RegistrationFlowView_TextField_ValidatoinLabel_NextButton.swift */; };
		0C2582FE2A21F76F0064BD7A /* RegistrationFlowView_FirstResponderTextField_ValidatoinLabel_NextButton_Protocol.swift in Sources */ = {isa = PBXBuildFile; fileRef = 0C2582FD2A21F76F0064BD7A /* RegistrationFlowView_FirstResponderTextField_ValidatoinLabel_NextButton_Protocol.swift */; };
		0C2583032A2204550064BD7A /* OneTimeCodeView.swift in Sources */ = {isa = PBXBuildFile; fileRef = 0C2583022A2204550064BD7A /* OneTimeCodeView.swift */; };
		0C2583052A226C1F0064BD7A /* OTCTextFieldTag.swift in Sources */ = {isa = PBXBuildFile; fileRef = 0C2583042A226C1F0064BD7A /* OTCTextFieldTag.swift */; };
		0C2583082A22AA330064BD7A /* OTCProtocol.swift in Sources */ = {isa = PBXBuildFile; fileRef = 0C2583072A22AA330064BD7A /* OTCProtocol.swift */; };
		0C25830A2A22AA5F0064BD7A /* OTC.swift in Sources */ = {isa = PBXBuildFile; fileRef = 0C2583092A22AA5F0064BD7A /* OTC.swift */; };
		0C25830C2A22B4BD0064BD7A /* OneTimeCodeViewProtocol.swift in Sources */ = {isa = PBXBuildFile; fileRef = 0C25830B2A22B4BD0064BD7A /* OneTimeCodeViewProtocol.swift */; };
		0C25830F2A22BB000064BD7A /* NationalCodeView.swift in Sources */ = {isa = PBXBuildFile; fileRef = 0C25830E2A22BB000064BD7A /* NationalCodeView.swift */; };
		0C53EAF02A0B921F003F8E5B /* DummyViewController.swift in Sources */ = {isa = PBXBuildFile; fileRef = 0C53EAEF2A0B921F003F8E5B /* DummyViewController.swift */; };
		0C5A1A502A00F973007B3008 /* SetPostalAddressViewController.swift in Sources */ = {isa = PBXBuildFile; fileRef = 0C5A1A4F2A00F973007B3008 /* SetPostalAddressViewController.swift */; };
		0C5C7C6329FF11F600BF9D74 /* NationalCodeViewController.swift in Sources */ = {isa = PBXBuildFile; fileRef = 0C5C7C6229FF11F600BF9D74 /* NationalCodeViewController.swift */; };
		0C7D8EB329FD8CC600D4291F /* Colors.xcassets in Resources */ = {isa = PBXBuildFile; fileRef = 0C7D8EB229FD8CC600D4291F /* Colors.xcassets */; };
		0CA3372229F9AC1E00A40E39 /* RegistrationStatusViewController.swift in Sources */ = {isa = PBXBuildFile; fileRef = 0CA3372129F9AC1E00A40E39 /* RegistrationStatusViewController.swift */; };
		0CA3372429F9D31000A40E39 /* LoginViewController.swift in Sources */ = {isa = PBXBuildFile; fileRef = 0CA3372329F9D31000A40E39 /* LoginViewController.swift */; };
		0CA3DF4E29FC18630059DEB5 /* UploadNationalCardPhotoViewController.swift in Sources */ = {isa = PBXBuildFile; fileRef = 0CA3DF4D29FC18630059DEB5 /* UploadNationalCardPhotoViewController.swift */; };
		0CA3DF5029FC330D0059DEB5 /* NewAccountCreatedViewController.swift in Sources */ = {isa = PBXBuildFile; fileRef = 0CA3DF4F29FC330D0059DEB5 /* NewAccountCreatedViewController.swift */; };
		0CA3DF5429FC38E80059DEB5 /* ChooseBankAccountsViewController.swift in Sources */ = {isa = PBXBuildFile; fileRef = 0CA3DF5329FC38E80059DEB5 /* ChooseBankAccountsViewController.swift */; };
		0CA3DF5729FC526A0059DEB5 /* BankAccountTableViewCell.swift in Sources */ = {isa = PBXBuildFile; fileRef = 0CA3DF5529FC526A0059DEB5 /* BankAccountTableViewCell.swift */; };
		0CA3DF5829FC526A0059DEB5 /* BankAccountTableViewCell.xib in Resources */ = {isa = PBXBuildFile; fileRef = 0CA3DF5629FC526A0059DEB5 /* BankAccountTableViewCell.xib */; };
		0CA3DF5A29FC57FB0059DEB5 /* SetPasswordViewController.swift in Sources */ = {isa = PBXBuildFile; fileRef = 0CA3DF5929FC57FB0059DEB5 /* SetPasswordViewController.swift */; };
		0CA4E31529F8823C008D7FBB /* AppDelegate.swift in Sources */ = {isa = PBXBuildFile; fileRef = 0CA4E31429F8823C008D7FBB /* AppDelegate.swift */; };
		0CA4E31729F8823C008D7FBB /* SceneDelegate.swift in Sources */ = {isa = PBXBuildFile; fileRef = 0CA4E31629F8823C008D7FBB /* SceneDelegate.swift */; };
		0CA4E31929F8823C008D7FBB /* LaunchViewController.swift in Sources */ = {isa = PBXBuildFile; fileRef = 0CA4E31829F8823C008D7FBB /* LaunchViewController.swift */; };
		0CA4E31C29F8823C008D7FBB /* Main.storyboard in Resources */ = {isa = PBXBuildFile; fileRef = 0CA4E31A29F8823C008D7FBB /* Main.storyboard */; };
		0CA4E31E29F8823D008D7FBB /* Assets.xcassets in Resources */ = {isa = PBXBuildFile; fileRef = 0CA4E31D29F8823D008D7FBB /* Assets.xcassets */; };
		0CA4E32129F8823D008D7FBB /* LaunchScreen.storyboard in Resources */ = {isa = PBXBuildFile; fileRef = 0CA4E31F29F8823D008D7FBB /* LaunchScreen.storyboard */; };
		0CAFB9242A1EAE43002F0C72 /* LaunchView.swift in Sources */ = {isa = PBXBuildFile; fileRef = 0CAFB9232A1EAE43002F0C72 /* LaunchView.swift */; };
		0CAFB9262A1EC6CE002F0C72 /* extension+UIColor.swift in Sources */ = {isa = PBXBuildFile; fileRef = 0CAFB9252A1EC6CE002F0C72 /* extension+UIColor.swift */; };
		0CAFB9282A1ECD98002F0C72 /* LaunchViewWithProgressViewProtocol.swift in Sources */ = {isa = PBXBuildFile; fileRef = 0CAFB9272A1ECD98002F0C72 /* LaunchViewWithProgressViewProtocol.swift */; };
		0CAFB9372A1FFD66002F0C72 /* LaunchViewTests.swift in Sources */ = {isa = PBXBuildFile; fileRef = 0CAFB9362A1FFD66002F0C72 /* LaunchViewTests.swift */; };
		0CCC62702A2078BC00E8DC38 /* RegistrationStatusView.swift in Sources */ = {isa = PBXBuildFile; fileRef = 0CCC626F2A2078BC00E8DC38 /* RegistrationStatusView.swift */; };
		0CCC62722A2097CD00E8DC38 /* RegistrationStatusDelegate.swift in Sources */ = {isa = PBXBuildFile; fileRef = 0CCC62712A2097CD00E8DC38 /* RegistrationStatusDelegate.swift */; };
		0CF5AA1A29FAC36F0003901B /* RepresentiveCodeViewController.swift in Sources */ = {isa = PBXBuildFile; fileRef = 0CF5AA1929FAC36F0003901B /* RepresentiveCodeViewController.swift */; };
		0CF5AA1C29FB1FF30003901B /* PhoneNumberViewController.swift in Sources */ = {isa = PBXBuildFile; fileRef = 0CF5AA1B29FB1FF30003901B /* PhoneNumberViewController.swift */; };
/* End PBXBuildFile section */

/* Begin PBXContainerItemProxy section */
		0CAFB9312A1FFB85002F0C72 /* PBXContainerItemProxy */ = {
			isa = PBXContainerItemProxy;
			containerPortal = 0CA4E30929F8823C008D7FBB /* Project object */;
			proxyType = 1;
			remoteGlobalIDString = 0CA4E31029F8823C008D7FBB;
			remoteInfo = Refah;
		};
/* End PBXContainerItemProxy section */

/* Begin PBXFileReference section */
		0C1BCEF229FE57AF00E805B3 /* extension+UIViewController.swift */ = {isa = PBXFileReference; lastKnownFileType = sourcecode.swift; path = "extension+UIViewController.swift"; sourceTree = "<group>"; };
		0C1BCEF429FE6B6F00E805B3 /* OneTimeCodeViewController.swift */ = {isa = PBXFileReference; lastKnownFileType = sourcecode.swift; path = OneTimeCodeViewController.swift; sourceTree = "<group>"; };
		0C1BCEF629FE712B00E805B3 /* CustomSegue.swift */ = {isa = PBXFileReference; lastKnownFileType = sourcecode.swift; path = CustomSegue.swift; sourceTree = "<group>"; };
		0C1BCEF829FE715400E805B3 /* CustomSegueWithBack.swift */ = {isa = PBXFileReference; lastKnownFileType = sourcecode.swift; path = CustomSegueWithBack.swift; sourceTree = "<group>"; };
		0C2582D92A209B010064BD7A /* RegistrationStatusViewProtocol.swift */ = {isa = PBXFileReference; lastKnownFileType = sourcecode.swift; path = RegistrationStatusViewProtocol.swift; sourceTree = "<group>"; };
		0C2582DC2A20AF4E0064BD7A /* RepresentiveCodeView.swift */ = {isa = PBXFileReference; lastKnownFileType = sourcecode.swift; path = RepresentiveCodeView.swift; sourceTree = "<group>"; };
		0C2582E02A20E96C0064BD7A /* RegistrationFlowView_NextButton_Protocol.swift */ = {isa = PBXFileReference; lastKnownFileType = sourcecode.swift; path = RegistrationFlowView_NextButton_Protocol.swift; sourceTree = "<group>"; };
		0C2582E22A20EDA70064BD7A /* RegistrationFlowView_NextButton.swift */ = {isa = PBXFileReference; lastKnownFileType = sourcecode.swift; path = RegistrationFlowView_NextButton.swift; sourceTree = "<group>"; };
		0C2582E42A212B6D0064BD7A /* RegistrationFlowNextDelegate.swift */ = {isa = PBXFileReference; lastKnownFileType = sourcecode.swift; path = RegistrationFlowNextDelegate.swift; sourceTree = "<group>"; };
		0C2582E62A212EF90064BD7A /* RegistrationFlowView_TextField_NextButton_Protocol.swift */ = {isa = PBXFileReference; lastKnownFileType = sourcecode.swift; path = RegistrationFlowView_TextField_NextButton_Protocol.swift; sourceTree = "<group>"; };
		0C2582E82A212F570064BD7A /* RegistrationFlowView_TextField_NextButton.swift */ = {isa = PBXFileReference; lastKnownFileType = sourcecode.swift; path = RegistrationFlowView_TextField_NextButton.swift; sourceTree = "<group>"; };
		0C2582EA2A2147290064BD7A /* TextFieldEditingChangedDelegate.swift */ = {isa = PBXFileReference; lastKnownFileType = sourcecode.swift; path = TextFieldEditingChangedDelegate.swift; sourceTree = "<group>"; };
		0C2582EC2A2154DA0064BD7A /* RepresentiveCodeViewProtocol.swift */ = {isa = PBXFileReference; lastKnownFileType = sourcecode.swift; path = RepresentiveCodeViewProtocol.swift; sourceTree = "<group>"; };
		0C2582F52A21E07E0064BD7A /* PhoneNumberView.swift */ = {isa = PBXFileReference; lastKnownFileType = sourcecode.swift; path = PhoneNumberView.swift; sourceTree = "<group>"; };
		0C2582F92A21EF5D0064BD7A /* RegistrationFlowView_TextField_ValidatoinLabel_NextButton_Protocol.swift */ = {isa = PBXFileReference; lastKnownFileType = sourcecode.swift; path = RegistrationFlowView_TextField_ValidatoinLabel_NextButton_Protocol.swift; sourceTree = "<group>"; };
		0C2582FB2A21EF970064BD7A /* RegistrationFlowView_TextField_ValidatoinLabel_NextButton.swift */ = {isa = PBXFileReference; lastKnownFileType = sourcecode.swift; path = RegistrationFlowView_TextField_ValidatoinLabel_NextButton.swift; sourceTree = "<group>"; };
		0C2582FD2A21F76F0064BD7A /* RegistrationFlowView_FirstResponderTextField_ValidatoinLabel_NextButton_Protocol.swift */ = {isa = PBXFileReference; lastKnownFileType = sourcecode.swift; path = RegistrationFlowView_FirstResponderTextField_ValidatoinLabel_NextButton_Protocol.swift; sourceTree = "<group>"; };
		0C2583022A2204550064BD7A /* OneTimeCodeView.swift */ = {isa = PBXFileReference; lastKnownFileType = sourcecode.swift; path = OneTimeCodeView.swift; sourceTree = "<group>"; };
		0C2583042A226C1F0064BD7A /* OTCTextFieldTag.swift */ = {isa = PBXFileReference; lastKnownFileType = sourcecode.swift; path = OTCTextFieldTag.swift; sourceTree = "<group>"; };
		0C2583072A22AA330064BD7A /* OTCProtocol.swift */ = {isa = PBXFileReference; lastKnownFileType = sourcecode.swift; path = OTCProtocol.swift; sourceTree = "<group>"; };
		0C2583092A22AA5F0064BD7A /* OTC.swift */ = {isa = PBXFileReference; lastKnownFileType = sourcecode.swift; path = OTC.swift; sourceTree = "<group>"; };
		0C25830B2A22B4BD0064BD7A /* OneTimeCodeViewProtocol.swift */ = {isa = PBXFileReference; lastKnownFileType = sourcecode.swift; path = OneTimeCodeViewProtocol.swift; sourceTree = "<group>"; };
		0C25830E2A22BB000064BD7A /* NationalCodeView.swift */ = {isa = PBXFileReference; lastKnownFileType = sourcecode.swift; path = NationalCodeView.swift; sourceTree = "<group>"; };
		0C53EAEF2A0B921F003F8E5B /* DummyViewController.swift */ = {isa = PBXFileReference; lastKnownFileType = sourcecode.swift; path = DummyViewController.swift; sourceTree = "<group>"; };
		0C5A1A4F2A00F973007B3008 /* SetPostalAddressViewController.swift */ = {isa = PBXFileReference; lastKnownFileType = sourcecode.swift; path = SetPostalAddressViewController.swift; sourceTree = "<group>"; };
		0C5C7C6229FF11F600BF9D74 /* NationalCodeViewController.swift */ = {isa = PBXFileReference; lastKnownFileType = sourcecode.swift; path = NationalCodeViewController.swift; sourceTree = "<group>"; };
		0C7D8EB229FD8CC600D4291F /* Colors.xcassets */ = {isa = PBXFileReference; lastKnownFileType = folder.assetcatalog; path = Colors.xcassets; sourceTree = "<group>"; };
		0CA3372129F9AC1E00A40E39 /* RegistrationStatusViewController.swift */ = {isa = PBXFileReference; lastKnownFileType = sourcecode.swift; path = RegistrationStatusViewController.swift; sourceTree = "<group>"; };
		0CA3372329F9D31000A40E39 /* LoginViewController.swift */ = {isa = PBXFileReference; lastKnownFileType = sourcecode.swift; path = LoginViewController.swift; sourceTree = "<group>"; };
		0CA3DF4D29FC18630059DEB5 /* UploadNationalCardPhotoViewController.swift */ = {isa = PBXFileReference; lastKnownFileType = sourcecode.swift; path = UploadNationalCardPhotoViewController.swift; sourceTree = "<group>"; };
		0CA3DF4F29FC330D0059DEB5 /* NewAccountCreatedViewController.swift */ = {isa = PBXFileReference; lastKnownFileType = sourcecode.swift; path = NewAccountCreatedViewController.swift; sourceTree = "<group>"; };
		0CA3DF5329FC38E80059DEB5 /* ChooseBankAccountsViewController.swift */ = {isa = PBXFileReference; lastKnownFileType = sourcecode.swift; path = ChooseBankAccountsViewController.swift; sourceTree = "<group>"; };
		0CA3DF5529FC526A0059DEB5 /* BankAccountTableViewCell.swift */ = {isa = PBXFileReference; lastKnownFileType = sourcecode.swift; path = BankAccountTableViewCell.swift; sourceTree = "<group>"; };
		0CA3DF5629FC526A0059DEB5 /* BankAccountTableViewCell.xib */ = {isa = PBXFileReference; lastKnownFileType = file.xib; path = BankAccountTableViewCell.xib; sourceTree = "<group>"; };
		0CA3DF5929FC57FB0059DEB5 /* SetPasswordViewController.swift */ = {isa = PBXFileReference; lastKnownFileType = sourcecode.swift; path = SetPasswordViewController.swift; sourceTree = "<group>"; };
		0CA4E31129F8823C008D7FBB /* Refah.app */ = {isa = PBXFileReference; explicitFileType = wrapper.application; includeInIndex = 0; path = Refah.app; sourceTree = BUILT_PRODUCTS_DIR; };
		0CA4E31429F8823C008D7FBB /* AppDelegate.swift */ = {isa = PBXFileReference; lastKnownFileType = sourcecode.swift; path = AppDelegate.swift; sourceTree = "<group>"; };
		0CA4E31629F8823C008D7FBB /* SceneDelegate.swift */ = {isa = PBXFileReference; lastKnownFileType = sourcecode.swift; path = SceneDelegate.swift; sourceTree = "<group>"; };
		0CA4E31829F8823C008D7FBB /* LaunchViewController.swift */ = {isa = PBXFileReference; lastKnownFileType = sourcecode.swift; path = LaunchViewController.swift; sourceTree = "<group>"; };
		0CA4E31B29F8823C008D7FBB /* Base */ = {isa = PBXFileReference; lastKnownFileType = file.storyboard; name = Base; path = Base.lproj/Main.storyboard; sourceTree = "<group>"; };
		0CA4E31D29F8823D008D7FBB /* Assets.xcassets */ = {isa = PBXFileReference; lastKnownFileType = folder.assetcatalog; path = Assets.xcassets; sourceTree = "<group>"; };
		0CA4E32029F8823D008D7FBB /* Base */ = {isa = PBXFileReference; lastKnownFileType = file.storyboard; name = Base; path = Base.lproj/LaunchScreen.storyboard; sourceTree = "<group>"; };
		0CA4E32229F8823D008D7FBB /* Info.plist */ = {isa = PBXFileReference; lastKnownFileType = text.plist.xml; path = Info.plist; sourceTree = "<group>"; };
		0CAFB9232A1EAE43002F0C72 /* LaunchView.swift */ = {isa = PBXFileReference; lastKnownFileType = sourcecode.swift; path = LaunchView.swift; sourceTree = "<group>"; };
		0CAFB9252A1EC6CE002F0C72 /* extension+UIColor.swift */ = {isa = PBXFileReference; lastKnownFileType = sourcecode.swift; path = "extension+UIColor.swift"; sourceTree = "<group>"; };
		0CAFB9272A1ECD98002F0C72 /* LaunchViewWithProgressViewProtocol.swift */ = {isa = PBXFileReference; lastKnownFileType = sourcecode.swift; path = LaunchViewWithProgressViewProtocol.swift; sourceTree = "<group>"; };
		0CAFB92D2A1FFB85002F0C72 /* RefahTests.xctest */ = {isa = PBXFileReference; explicitFileType = wrapper.cfbundle; includeInIndex = 0; path = RefahTests.xctest; sourceTree = BUILT_PRODUCTS_DIR; };
		0CAFB9362A1FFD66002F0C72 /* LaunchViewTests.swift */ = {isa = PBXFileReference; lastKnownFileType = sourcecode.swift; path = LaunchViewTests.swift; sourceTree = "<group>"; };
		0CAFB9382A2000F5002F0C72 /* Refah.xctestplan */ = {isa = PBXFileReference; lastKnownFileType = text; path = Refah.xctestplan; sourceTree = "<group>"; };
		0CCC626F2A2078BC00E8DC38 /* RegistrationStatusView.swift */ = {isa = PBXFileReference; lastKnownFileType = sourcecode.swift; path = RegistrationStatusView.swift; sourceTree = "<group>"; };
		0CCC62712A2097CD00E8DC38 /* RegistrationStatusDelegate.swift */ = {isa = PBXFileReference; lastKnownFileType = sourcecode.swift; path = RegistrationStatusDelegate.swift; sourceTree = "<group>"; };
		0CF5AA1929FAC36F0003901B /* RepresentiveCodeViewController.swift */ = {isa = PBXFileReference; lastKnownFileType = sourcecode.swift; path = RepresentiveCodeViewController.swift; sourceTree = "<group>"; };
		0CF5AA1B29FB1FF30003901B /* PhoneNumberViewController.swift */ = {isa = PBXFileReference; lastKnownFileType = sourcecode.swift; path = PhoneNumberViewController.swift; sourceTree = "<group>"; };
/* End PBXFileReference section */

/* Begin PBXFrameworksBuildPhase section */
		0CA4E30E29F8823C008D7FBB /* Frameworks */ = {
			isa = PBXFrameworksBuildPhase;
			buildActionMask = 2147483647;
			files = (
			);
			runOnlyForDeploymentPostprocessing = 0;
		};
		0CAFB92A2A1FFB85002F0C72 /* Frameworks */ = {
			isa = PBXFrameworksBuildPhase;
			buildActionMask = 2147483647;
			files = (
			);
			runOnlyForDeploymentPostprocessing = 0;
		};
/* End PBXFrameworksBuildPhase section */

/* Begin PBXGroup section */
		0C0A09BC2A1C943700D1595D /* Assets */ = {
			isa = PBXGroup;
			children = (
				0CA4E31D29F8823D008D7FBB /* Assets.xcassets */,
				0C7D8EB229FD8CC600D4291F /* Colors.xcassets */,
			);
			path = Assets;
			sourceTree = "<group>";
		};
		0C0A09BD2A1C944800D1595D /* Storyboards */ = {
			isa = PBXGroup;
			children = (
				0CA4E31A29F8823C008D7FBB /* Main.storyboard */,
				0CA4E31F29F8823D008D7FBB /* LaunchScreen.storyboard */,
			);
			path = Storyboards;
			sourceTree = "<group>";
		};
		0C2582DB2A20AEF80064BD7A /* RepresentiveCode Screen */ = {
			isa = PBXGroup;
			children = (
				0C2582EE2A21552A0064BD7A /* Views */,
				0C2582EF2A2155400064BD7A /* Controllers */,
			);
			path = "RepresentiveCode Screen";
			sourceTree = "<group>";
		};
		0C2582EE2A21552A0064BD7A /* Views */ = {
			isa = PBXGroup;
			children = (
				0C2582DC2A20AF4E0064BD7A /* RepresentiveCodeView.swift */,
				0C2582EC2A2154DA0064BD7A /* RepresentiveCodeViewProtocol.swift */,
			);
			path = Views;
			sourceTree = "<group>";
		};
		0C2582EF2A2155400064BD7A /* Controllers */ = {
			isa = PBXGroup;
			children = (
				0CF5AA1929FAC36F0003901B /* RepresentiveCodeViewController.swift */,
			);
			path = Controllers;
			sourceTree = "<group>";
		};
		0C2582F02A21558B0064BD7A /* Views */ = {
			isa = PBXGroup;
			children = (
				0C2582E02A20E96C0064BD7A /* RegistrationFlowView_NextButton_Protocol.swift */,
				0C2582E22A20EDA70064BD7A /* RegistrationFlowView_NextButton.swift */,
				0C2582E62A212EF90064BD7A /* RegistrationFlowView_TextField_NextButton_Protocol.swift */,
				0C2582E82A212F570064BD7A /* RegistrationFlowView_TextField_NextButton.swift */,
				0C2582F92A21EF5D0064BD7A /* RegistrationFlowView_TextField_ValidatoinLabel_NextButton_Protocol.swift */,
				0C2582FB2A21EF970064BD7A /* RegistrationFlowView_TextField_ValidatoinLabel_NextButton.swift */,
				0C2582FD2A21F76F0064BD7A /* RegistrationFlowView_FirstResponderTextField_ValidatoinLabel_NextButton_Protocol.swift */,
			);
			path = Views;
			sourceTree = "<group>";
		};
		0C2582F12A2155A70064BD7A /* Controllers */ = {
			isa = PBXGroup;
			children = (
				0C2582E42A212B6D0064BD7A /* RegistrationFlowNextDelegate.swift */,
				0C2582EA2A2147290064BD7A /* TextFieldEditingChangedDelegate.swift */,
			);
			path = Controllers;
			sourceTree = "<group>";
		};
		0C2582F22A21DE830064BD7A /* PhoneNumber Screen */ = {
			isa = PBXGroup;
			children = (
				0C2582F32A21DEB10064BD7A /* Views */,
				0C2582F42A21DEBA0064BD7A /* Controllers */,
			);
			path = "PhoneNumber Screen";
			sourceTree = "<group>";
		};
		0C2582F32A21DEB10064BD7A /* Views */ = {
			isa = PBXGroup;
			children = (
				0C2582F52A21E07E0064BD7A /* PhoneNumberView.swift */,
			);
			path = Views;
			sourceTree = "<group>";
		};
		0C2582F42A21DEBA0064BD7A /* Controllers */ = {
			isa = PBXGroup;
			children = (
				0CF5AA1B29FB1FF30003901B /* PhoneNumberViewController.swift */,
			);
			path = Controllers;
			sourceTree = "<group>";
		};
		0C2582FF2A21FE1F0064BD7A /* OneTimeCode Screen */ = {
			isa = PBXGroup;
			children = (
				0C2583002A21FED30064BD7A /* Views */,
				0C2583012A21FEDA0064BD7A /* Controllers */,
				0C2583062A22AA010064BD7A /* Models */,
			);
			path = "OneTimeCode Screen";
			sourceTree = "<group>";
		};
		0C2583002A21FED30064BD7A /* Views */ = {
			isa = PBXGroup;
			children = (
				0C2583022A2204550064BD7A /* OneTimeCodeView.swift */,
				0C2583042A226C1F0064BD7A /* OTCTextFieldTag.swift */,
				0C25830B2A22B4BD0064BD7A /* OneTimeCodeViewProtocol.swift */,
			);
			path = Views;
			sourceTree = "<group>";
		};
		0C2583012A21FEDA0064BD7A /* Controllers */ = {
			isa = PBXGroup;
			children = (
				0C1BCEF429FE6B6F00E805B3 /* OneTimeCodeViewController.swift */,
			);
			path = Controllers;
			sourceTree = "<group>";
		};
		0C2583062A22AA010064BD7A /* Models */ = {
			isa = PBXGroup;
			children = (
				0C2583072A22AA330064BD7A /* OTCProtocol.swift */,
				0C2583092A22AA5F0064BD7A /* OTC.swift */,
			);
			path = Models;
			sourceTree = "<group>";
		};
		0C25830D2A22BA3D0064BD7A /* NationalCode Screen */ = {
			isa = PBXGroup;
			children = (
				0C5C7C6229FF11F600BF9D74 /* NationalCodeViewController.swift */,
				0C25830E2A22BB000064BD7A /* NationalCodeView.swift */,
			);
			path = "NationalCode Screen";
			sourceTree = "<group>";
		};
		0C53EAEE2A0B91F5003F8E5B /* Login Flow */ = {
			isa = PBXGroup;
			children = (
				0C53EAEF2A0B921F003F8E5B /* DummyViewController.swift */,
				0CA3372329F9D31000A40E39 /* LoginViewController.swift */,
			);
			path = "Login Flow";
			sourceTree = "<group>";
		};
		0C7D8EB429FDAEDE00D4291F /* Registration Flow */ = {
			isa = PBXGroup;
			children = (
				0C2582F02A21558B0064BD7A /* Views */,
				0C2582F12A2155A70064BD7A /* Controllers */,
				0C2582DB2A20AEF80064BD7A /* RepresentiveCode Screen */,
				0C2582F22A21DE830064BD7A /* PhoneNumber Screen */,
				0C2582FF2A21FE1F0064BD7A /* OneTimeCode Screen */,
				0C25830D2A22BA3D0064BD7A /* NationalCode Screen */,
				0CA3DF4D29FC18630059DEB5 /* UploadNationalCardPhotoViewController.swift */,
				0CA3DF5329FC38E80059DEB5 /* ChooseBankAccountsViewController.swift */,
				0CA3DF5529FC526A0059DEB5 /* BankAccountTableViewCell.swift */,
				0CA3DF5929FC57FB0059DEB5 /* SetPasswordViewController.swift */,
				0CA3DF5629FC526A0059DEB5 /* BankAccountTableViewCell.xib */,
				0C5A1A4F2A00F973007B3008 /* SetPostalAddressViewController.swift */,
				0CA3DF4F29FC330D0059DEB5 /* NewAccountCreatedViewController.swift */,
			);
			path = "Registration Flow";
			sourceTree = "<group>";
		};
		0C8C98E12A1CBD4F006330FC /* Loading&Status Flow */ = {
			isa = PBXGroup;
			children = (
				0CCC626C2A200A1600E8DC38 /* RegistrationStatus Screen */,
				0C8C98E42A1E14D9006330FC /* Launch Screen */,
			);
			path = "Loading&Status Flow";
			sourceTree = "<group>";
		};
		0C8C98E32A1E1219006330FC /* Controllers */ = {
			isa = PBXGroup;
			children = (
				0CA4E31829F8823C008D7FBB /* LaunchViewController.swift */,
			);
			path = Controllers;
			sourceTree = "<group>";
		};
		0C8C98E42A1E14D9006330FC /* Launch Screen */ = {
			isa = PBXGroup;
			children = (
				0CAFB9222A1EAE13002F0C72 /* Views */,
				0C8C98E32A1E1219006330FC /* Controllers */,
			);
			path = "Launch Screen";
			sourceTree = "<group>";
		};
		0CA4E30829F8823C008D7FBB = {
			isa = PBXGroup;
			children = (
				0CAFB9382A2000F5002F0C72 /* Refah.xctestplan */,
				0CA4E31329F8823C008D7FBB /* Refah */,
				0CAFB92E2A1FFB85002F0C72 /* RefahTests */,
				0CA4E31229F8823C008D7FBB /* Products */,
			);
			sourceTree = "<group>";
		};
		0CA4E31229F8823C008D7FBB /* Products */ = {
			isa = PBXGroup;
			children = (
				0CA4E31129F8823C008D7FBB /* Refah.app */,
				0CAFB92D2A1FFB85002F0C72 /* RefahTests.xctest */,
			);
			name = Products;
			sourceTree = "<group>";
		};
		0CA4E31329F8823C008D7FBB /* Refah */ = {
			isa = PBXGroup;
			children = (
				0C0A09BD2A1C944800D1595D /* Storyboards */,
				0C0A09BC2A1C943700D1595D /* Assets */,
				0CA4E31429F8823C008D7FBB /* AppDelegate.swift */,
				0CA4E31629F8823C008D7FBB /* SceneDelegate.swift */,
				0CA4E32229F8823D008D7FBB /* Info.plist */,
				0C8C98E12A1CBD4F006330FC /* Loading&Status Flow */,
				0C7D8EB429FDAEDE00D4291F /* Registration Flow */,
				0C53EAEE2A0B91F5003F8E5B /* Login Flow */,
				0C1BCEF229FE57AF00E805B3 /* extension+UIViewController.swift */,
				0CAFB9252A1EC6CE002F0C72 /* extension+UIColor.swift */,
				0C1BCEF629FE712B00E805B3 /* CustomSegue.swift */,
				0C1BCEF829FE715400E805B3 /* CustomSegueWithBack.swift */,
			);
			path = Refah;
			sourceTree = "<group>";
		};
		0CAFB9222A1EAE13002F0C72 /* Views */ = {
			isa = PBXGroup;
			children = (
				0CAFB9272A1ECD98002F0C72 /* LaunchViewWithProgressViewProtocol.swift */,
				0CAFB9232A1EAE43002F0C72 /* LaunchView.swift */,
			);
			path = Views;
			sourceTree = "<group>";
		};
		0CAFB92E2A1FFB85002F0C72 /* RefahTests */ = {
			isa = PBXGroup;
			children = (
				0CAFB9362A1FFD66002F0C72 /* LaunchViewTests.swift */,
			);
			path = RefahTests;
			sourceTree = "<group>";
		};
		0CCC626C2A200A1600E8DC38 /* RegistrationStatus Screen */ = {
			isa = PBXGroup;
			children = (
				0CCC626D2A200A3E00E8DC38 /* Views */,
				0CCC626E2A200A4B00E8DC38 /* Controllers */,
			);
			path = "RegistrationStatus Screen";
			sourceTree = "<group>";
		};
		0CCC626D2A200A3E00E8DC38 /* Views */ = {
			isa = PBXGroup;
			children = (
				0CCC626F2A2078BC00E8DC38 /* RegistrationStatusView.swift */,
				0C2582D92A209B010064BD7A /* RegistrationStatusViewProtocol.swift */,
			);
			path = Views;
			sourceTree = "<group>";
		};
		0CCC626E2A200A4B00E8DC38 /* Controllers */ = {
			isa = PBXGroup;
			children = (
				0CA3372129F9AC1E00A40E39 /* RegistrationStatusViewController.swift */,
				0CCC62712A2097CD00E8DC38 /* RegistrationStatusDelegate.swift */,
			);
			path = Controllers;
			sourceTree = "<group>";
		};
/* End PBXGroup section */

/* Begin PBXNativeTarget section */
		0CA4E31029F8823C008D7FBB /* Refah */ = {
			isa = PBXNativeTarget;
			buildConfigurationList = 0CA4E32529F8823D008D7FBB /* Build configuration list for PBXNativeTarget "Refah" */;
			buildPhases = (
				0CA4E30D29F8823C008D7FBB /* Sources */,
				0CA4E30E29F8823C008D7FBB /* Frameworks */,
				0CA4E30F29F8823C008D7FBB /* Resources */,
			);
			buildRules = (
			);
			dependencies = (
			);
			name = Refah;
			productName = Refah;
			productReference = 0CA4E31129F8823C008D7FBB /* Refah.app */;
			productType = "com.apple.product-type.application";
		};
		0CAFB92C2A1FFB85002F0C72 /* RefahTests */ = {
			isa = PBXNativeTarget;
			buildConfigurationList = 0CAFB9332A1FFB85002F0C72 /* Build configuration list for PBXNativeTarget "RefahTests" */;
			buildPhases = (
				0CAFB9292A1FFB85002F0C72 /* Sources */,
				0CAFB92A2A1FFB85002F0C72 /* Frameworks */,
				0CAFB92B2A1FFB85002F0C72 /* Resources */,
			);
			buildRules = (
			);
			dependencies = (
				0CAFB9322A1FFB85002F0C72 /* PBXTargetDependency */,
			);
			name = RefahTests;
			productName = RefahTests;
			productReference = 0CAFB92D2A1FFB85002F0C72 /* RefahTests.xctest */;
			productType = "com.apple.product-type.bundle.unit-test";
		};
/* End PBXNativeTarget section */

/* Begin PBXProject section */
		0CA4E30929F8823C008D7FBB /* Project object */ = {
			isa = PBXProject;
			attributes = {
				BuildIndependentTargetsInParallel = 1;
				LastSwiftUpdateCheck = 1430;
				LastUpgradeCheck = 1430;
				TargetAttributes = {
					0CA4E31029F8823C008D7FBB = {
						CreatedOnToolsVersion = 14.3;
					};
					0CAFB92C2A1FFB85002F0C72 = {
						CreatedOnToolsVersion = 14.3;
						TestTargetID = 0CA4E31029F8823C008D7FBB;
					};
				};
			};
			buildConfigurationList = 0CA4E30C29F8823C008D7FBB /* Build configuration list for PBXProject "Refah" */;
			compatibilityVersion = "Xcode 14.0";
			developmentRegion = en;
			hasScannedForEncodings = 0;
			knownRegions = (
				en,
				Base,
			);
			mainGroup = 0CA4E30829F8823C008D7FBB;
			productRefGroup = 0CA4E31229F8823C008D7FBB /* Products */;
			projectDirPath = "";
			projectRoot = "";
			targets = (
				0CA4E31029F8823C008D7FBB /* Refah */,
				0CAFB92C2A1FFB85002F0C72 /* RefahTests */,
			);
		};
/* End PBXProject section */

/* Begin PBXResourcesBuildPhase section */
		0CA4E30F29F8823C008D7FBB /* Resources */ = {
			isa = PBXResourcesBuildPhase;
			buildActionMask = 2147483647;
			files = (
				0CA3DF5829FC526A0059DEB5 /* BankAccountTableViewCell.xib in Resources */,
				0CA4E32129F8823D008D7FBB /* LaunchScreen.storyboard in Resources */,
				0C7D8EB329FD8CC600D4291F /* Colors.xcassets in Resources */,
				0CA4E31E29F8823D008D7FBB /* Assets.xcassets in Resources */,
				0CA4E31C29F8823C008D7FBB /* Main.storyboard in Resources */,
			);
			runOnlyForDeploymentPostprocessing = 0;
		};
		0CAFB92B2A1FFB85002F0C72 /* Resources */ = {
			isa = PBXResourcesBuildPhase;
			buildActionMask = 2147483647;
			files = (
			);
			runOnlyForDeploymentPostprocessing = 0;
		};
/* End PBXResourcesBuildPhase section */

/* Begin PBXSourcesBuildPhase section */
		0CA4E30D29F8823C008D7FBB /* Sources */ = {
			isa = PBXSourcesBuildPhase;
			buildActionMask = 2147483647;
			files = (
				0CA4E31929F8823C008D7FBB /* LaunchViewController.swift in Sources */,
				0C2582DD2A20AF4E0064BD7A /* RepresentiveCodeView.swift in Sources */,
				0CAFB9242A1EAE43002F0C72 /* LaunchView.swift in Sources */,
				0CCC62722A2097CD00E8DC38 /* RegistrationStatusDelegate.swift in Sources */,
				0C2583082A22AA330064BD7A /* OTCProtocol.swift in Sources */,
				0CA4E31529F8823C008D7FBB /* AppDelegate.swift in Sources */,
				0CA4E31729F8823C008D7FBB /* SceneDelegate.swift in Sources */,
				0CA3372429F9D31000A40E39 /* LoginViewController.swift in Sources */,
				0C1BCEF329FE57AF00E805B3 /* extension+UIViewController.swift in Sources */,
				0C5C7C6329FF11F600BF9D74 /* NationalCodeViewController.swift in Sources */,
				0CAFB9262A1EC6CE002F0C72 /* extension+UIColor.swift in Sources */,
				0C25830C2A22B4BD0064BD7A /* OneTimeCodeViewProtocol.swift in Sources */,
				0C1BCEF929FE715400E805B3 /* CustomSegueWithBack.swift in Sources */,
				0C2582E52A212B6D0064BD7A /* RegistrationFlowNextDelegate.swift in Sources */,
				0C5A1A502A00F973007B3008 /* SetPostalAddressViewController.swift in Sources */,
				0CAFB9282A1ECD98002F0C72 /* LaunchViewWithProgressViewProtocol.swift in Sources */,
				0C25830F2A22BB000064BD7A /* NationalCodeView.swift in Sources */,
				0C2582FE2A21F76F0064BD7A /* RegistrationFlowView_FirstResponderTextField_ValidatoinLabel_NextButton_Protocol.swift in Sources */,
				0C2582FA2A21EF5D0064BD7A /* RegistrationFlowView_TextField_ValidatoinLabel_NextButton_Protocol.swift in Sources */,
				0CA3DF4E29FC18630059DEB5 /* UploadNationalCardPhotoViewController.swift in Sources */,
				0C1BCEF529FE6B6F00E805B3 /* OneTimeCodeViewController.swift in Sources */,
				0C53EAF02A0B921F003F8E5B /* DummyViewController.swift in Sources */,
				0C2582E12A20E96C0064BD7A /* RegistrationFlowView_NextButton_Protocol.swift in Sources */,
				0C2583052A226C1F0064BD7A /* OTCTextFieldTag.swift in Sources */,
				0C2582EB2A2147290064BD7A /* TextFieldEditingChangedDelegate.swift in Sources */,
				0CCC62702A2078BC00E8DC38 /* RegistrationStatusView.swift in Sources */,
				0CF5AA1A29FAC36F0003901B /* RepresentiveCodeViewController.swift in Sources */,
				0C2582DA2A209B010064BD7A /* RegistrationStatusViewProtocol.swift in Sources */,
				0CA3DF5A29FC57FB0059DEB5 /* SetPasswordViewController.swift in Sources */,
				0C2582E72A212EF90064BD7A /* RegistrationFlowView_TextField_NextButton_Protocol.swift in Sources */,
				0CF5AA1C29FB1FF30003901B /* PhoneNumberViewController.swift in Sources */,
				0C25830A2A22AA5F0064BD7A /* OTC.swift in Sources */,
				0C2582E92A212F570064BD7A /* RegistrationFlowView_TextField_NextButton.swift in Sources */,
				0CA3DF5429FC38E80059DEB5 /* ChooseBankAccountsViewController.swift in Sources */,
				0CA3DF5729FC526A0059DEB5 /* BankAccountTableViewCell.swift in Sources */,
				0C2582E32A20EDA70064BD7A /* RegistrationFlowView_NextButton.swift in Sources */,
				0CA3DF5029FC330D0059DEB5 /* NewAccountCreatedViewController.swift in Sources */,
				0C2582FC2A21EF970064BD7A /* RegistrationFlowView_TextField_ValidatoinLabel_NextButton.swift in Sources */,
				0C1BCEF729FE712B00E805B3 /* CustomSegue.swift in Sources */,
				0CA3372229F9AC1E00A40E39 /* RegistrationStatusViewController.swift in Sources */,
				0C2582F62A21E07E0064BD7A /* PhoneNumberView.swift in Sources */,
				0C2582ED2A2154DA0064BD7A /* RepresentiveCodeViewProtocol.swift in Sources */,
				0C2583032A2204550064BD7A /* OneTimeCodeView.swift in Sources */,
			);
			runOnlyForDeploymentPostprocessing = 0;
		};
		0CAFB9292A1FFB85002F0C72 /* Sources */ = {
			isa = PBXSourcesBuildPhase;
			buildActionMask = 2147483647;
			files = (
				0CAFB9372A1FFD66002F0C72 /* LaunchViewTests.swift in Sources */,
			);
			runOnlyForDeploymentPostprocessing = 0;
		};
/* End PBXSourcesBuildPhase section */

/* Begin PBXTargetDependency section */
		0CAFB9322A1FFB85002F0C72 /* PBXTargetDependency */ = {
			isa = PBXTargetDependency;
			target = 0CA4E31029F8823C008D7FBB /* Refah */;
			targetProxy = 0CAFB9312A1FFB85002F0C72 /* PBXContainerItemProxy */;
		};
/* End PBXTargetDependency section */

/* Begin PBXVariantGroup section */
		0CA4E31A29F8823C008D7FBB /* Main.storyboard */ = {
			isa = PBXVariantGroup;
			children = (
				0CA4E31B29F8823C008D7FBB /* Base */,
			);
			name = Main.storyboard;
			sourceTree = "<group>";
		};
		0CA4E31F29F8823D008D7FBB /* LaunchScreen.storyboard */ = {
			isa = PBXVariantGroup;
			children = (
				0CA4E32029F8823D008D7FBB /* Base */,
			);
			name = LaunchScreen.storyboard;
			sourceTree = "<group>";
		};
/* End PBXVariantGroup section */

/* Begin XCBuildConfiguration section */
		0CA4E32329F8823D008D7FBB /* Debug */ = {
			isa = XCBuildConfiguration;
			buildSettings = {
				ALWAYS_SEARCH_USER_PATHS = NO;
				CLANG_ANALYZER_NONNULL = YES;
				CLANG_ANALYZER_NUMBER_OBJECT_CONVERSION = YES_AGGRESSIVE;
				CLANG_CXX_LANGUAGE_STANDARD = "gnu++20";
				CLANG_ENABLE_MODULES = YES;
				CLANG_ENABLE_OBJC_ARC = YES;
				CLANG_ENABLE_OBJC_WEAK = YES;
				CLANG_WARN_BLOCK_CAPTURE_AUTORELEASING = YES;
				CLANG_WARN_BOOL_CONVERSION = YES;
				CLANG_WARN_COMMA = YES;
				CLANG_WARN_CONSTANT_CONVERSION = YES;
				CLANG_WARN_DEPRECATED_OBJC_IMPLEMENTATIONS = YES;
				CLANG_WARN_DIRECT_OBJC_ISA_USAGE = YES_ERROR;
				CLANG_WARN_DOCUMENTATION_COMMENTS = YES;
				CLANG_WARN_EMPTY_BODY = YES;
				CLANG_WARN_ENUM_CONVERSION = YES;
				CLANG_WARN_INFINITE_RECURSION = YES;
				CLANG_WARN_INT_CONVERSION = YES;
				CLANG_WARN_NON_LITERAL_NULL_CONVERSION = YES;
				CLANG_WARN_OBJC_IMPLICIT_RETAIN_SELF = YES;
				CLANG_WARN_OBJC_LITERAL_CONVERSION = YES;
				CLANG_WARN_OBJC_ROOT_CLASS = YES_ERROR;
				CLANG_WARN_QUOTED_INCLUDE_IN_FRAMEWORK_HEADER = YES;
				CLANG_WARN_RANGE_LOOP_ANALYSIS = YES;
				CLANG_WARN_STRICT_PROTOTYPES = YES;
				CLANG_WARN_SUSPICIOUS_MOVE = YES;
				CLANG_WARN_UNGUARDED_AVAILABILITY = YES_AGGRESSIVE;
				CLANG_WARN_UNREACHABLE_CODE = YES;
				CLANG_WARN__DUPLICATE_METHOD_MATCH = YES;
				COPY_PHASE_STRIP = NO;
				DEBUG_INFORMATION_FORMAT = dwarf;
				ENABLE_STRICT_OBJC_MSGSEND = YES;
				ENABLE_TESTABILITY = YES;
				GCC_C_LANGUAGE_STANDARD = gnu11;
				GCC_DYNAMIC_NO_PIC = NO;
				GCC_NO_COMMON_BLOCKS = YES;
				GCC_OPTIMIZATION_LEVEL = 0;
				GCC_PREPROCESSOR_DEFINITIONS = (
					"DEBUG=1",
					"$(inherited)",
				);
				GCC_WARN_64_TO_32_BIT_CONVERSION = YES;
				GCC_WARN_ABOUT_RETURN_TYPE = YES_ERROR;
				GCC_WARN_UNDECLARED_SELECTOR = YES;
				GCC_WARN_UNINITIALIZED_AUTOS = YES_AGGRESSIVE;
				GCC_WARN_UNUSED_FUNCTION = YES;
				GCC_WARN_UNUSED_VARIABLE = YES;
				IPHONEOS_DEPLOYMENT_TARGET = 16.4;
				MTL_ENABLE_DEBUG_INFO = INCLUDE_SOURCE;
				MTL_FAST_MATH = YES;
				ONLY_ACTIVE_ARCH = YES;
				SDKROOT = iphoneos;
				SWIFT_ACTIVE_COMPILATION_CONDITIONS = DEBUG;
				SWIFT_OPTIMIZATION_LEVEL = "-Onone";
			};
			name = Debug;
		};
		0CA4E32429F8823D008D7FBB /* Release */ = {
			isa = XCBuildConfiguration;
			buildSettings = {
				ALWAYS_SEARCH_USER_PATHS = NO;
				CLANG_ANALYZER_NONNULL = YES;
				CLANG_ANALYZER_NUMBER_OBJECT_CONVERSION = YES_AGGRESSIVE;
				CLANG_CXX_LANGUAGE_STANDARD = "gnu++20";
				CLANG_ENABLE_MODULES = YES;
				CLANG_ENABLE_OBJC_ARC = YES;
				CLANG_ENABLE_OBJC_WEAK = YES;
				CLANG_WARN_BLOCK_CAPTURE_AUTORELEASING = YES;
				CLANG_WARN_BOOL_CONVERSION = YES;
				CLANG_WARN_COMMA = YES;
				CLANG_WARN_CONSTANT_CONVERSION = YES;
				CLANG_WARN_DEPRECATED_OBJC_IMPLEMENTATIONS = YES;
				CLANG_WARN_DIRECT_OBJC_ISA_USAGE = YES_ERROR;
				CLANG_WARN_DOCUMENTATION_COMMENTS = YES;
				CLANG_WARN_EMPTY_BODY = YES;
				CLANG_WARN_ENUM_CONVERSION = YES;
				CLANG_WARN_INFINITE_RECURSION = YES;
				CLANG_WARN_INT_CONVERSION = YES;
				CLANG_WARN_NON_LITERAL_NULL_CONVERSION = YES;
				CLANG_WARN_OBJC_IMPLICIT_RETAIN_SELF = YES;
				CLANG_WARN_OBJC_LITERAL_CONVERSION = YES;
				CLANG_WARN_OBJC_ROOT_CLASS = YES_ERROR;
				CLANG_WARN_QUOTED_INCLUDE_IN_FRAMEWORK_HEADER = YES;
				CLANG_WARN_RANGE_LOOP_ANALYSIS = YES;
				CLANG_WARN_STRICT_PROTOTYPES = YES;
				CLANG_WARN_SUSPICIOUS_MOVE = YES;
				CLANG_WARN_UNGUARDED_AVAILABILITY = YES_AGGRESSIVE;
				CLANG_WARN_UNREACHABLE_CODE = YES;
				CLANG_WARN__DUPLICATE_METHOD_MATCH = YES;
				COPY_PHASE_STRIP = NO;
				DEBUG_INFORMATION_FORMAT = "dwarf-with-dsym";
				ENABLE_NS_ASSERTIONS = NO;
				ENABLE_STRICT_OBJC_MSGSEND = YES;
				GCC_C_LANGUAGE_STANDARD = gnu11;
				GCC_NO_COMMON_BLOCKS = YES;
				GCC_WARN_64_TO_32_BIT_CONVERSION = YES;
				GCC_WARN_ABOUT_RETURN_TYPE = YES_ERROR;
				GCC_WARN_UNDECLARED_SELECTOR = YES;
				GCC_WARN_UNINITIALIZED_AUTOS = YES_AGGRESSIVE;
				GCC_WARN_UNUSED_FUNCTION = YES;
				GCC_WARN_UNUSED_VARIABLE = YES;
				IPHONEOS_DEPLOYMENT_TARGET = 16.4;
				MTL_ENABLE_DEBUG_INFO = NO;
				MTL_FAST_MATH = YES;
				SDKROOT = iphoneos;
				SWIFT_COMPILATION_MODE = wholemodule;
				SWIFT_OPTIMIZATION_LEVEL = "-O";
				VALIDATE_PRODUCT = YES;
			};
			name = Release;
		};
		0CA4E32629F8823D008D7FBB /* Debug */ = {
			isa = XCBuildConfiguration;
			buildSettings = {
				ASSETCATALOG_COMPILER_APPICON_NAME = AppIcon;
				ASSETCATALOG_COMPILER_GLOBAL_ACCENT_COLOR_NAME = AccentColor;
				CODE_SIGN_STYLE = Automatic;
				CURRENT_PROJECT_VERSION = 1;
				DEVELOPMENT_TEAM = V572B7767L;
				GENERATE_INFOPLIST_FILE = YES;
				INFOPLIST_FILE = Refah/Info.plist;
				INFOPLIST_KEY_UIApplicationSupportsIndirectInputEvents = YES;
				INFOPLIST_KEY_UILaunchStoryboardName = LaunchScreen;
				INFOPLIST_KEY_UIMainStoryboardFile = Main;
				INFOPLIST_KEY_UISupportedInterfaceOrientations = UIInterfaceOrientationPortrait;
				IPHONEOS_DEPLOYMENT_TARGET = 15.0;
				LD_RUNPATH_SEARCH_PATHS = (
					"$(inherited)",
					"@executable_path/Frameworks",
				);
				MARKETING_VERSION = 1.0;
				PRODUCT_BUNDLE_IDENTIFIER = com.refahbankproject.Refah;
				PRODUCT_NAME = "$(TARGET_NAME)";
				SWIFT_EMIT_LOC_STRINGS = YES;
				SWIFT_VERSION = 5.0;
				TARGETED_DEVICE_FAMILY = "1,2";
			};
			name = Debug;
		};
		0CA4E32729F8823D008D7FBB /* Release */ = {
			isa = XCBuildConfiguration;
			buildSettings = {
				ASSETCATALOG_COMPILER_APPICON_NAME = AppIcon;
				ASSETCATALOG_COMPILER_GLOBAL_ACCENT_COLOR_NAME = AccentColor;
				CODE_SIGN_STYLE = Automatic;
				CURRENT_PROJECT_VERSION = 1;
				DEVELOPMENT_TEAM = V572B7767L;
				GENERATE_INFOPLIST_FILE = YES;
				INFOPLIST_FILE = Refah/Info.plist;
				INFOPLIST_KEY_UIApplicationSupportsIndirectInputEvents = YES;
				INFOPLIST_KEY_UILaunchStoryboardName = LaunchScreen;
				INFOPLIST_KEY_UIMainStoryboardFile = Main;
				INFOPLIST_KEY_UISupportedInterfaceOrientations = UIInterfaceOrientationPortrait;
				IPHONEOS_DEPLOYMENT_TARGET = 15.0;
				LD_RUNPATH_SEARCH_PATHS = (
					"$(inherited)",
					"@executable_path/Frameworks",
				);
				MARKETING_VERSION = 1.0;
				PRODUCT_BUNDLE_IDENTIFIER = com.refahbankproject.Refah;
				PRODUCT_NAME = "$(TARGET_NAME)";
				SWIFT_EMIT_LOC_STRINGS = YES;
				SWIFT_VERSION = 5.0;
				TARGETED_DEVICE_FAMILY = "1,2";
			};
			name = Release;
		};
		0CAFB9342A1FFB85002F0C72 /* Debug */ = {
			isa = XCBuildConfiguration;
			buildSettings = {
				BUNDLE_LOADER = "$(TEST_HOST)";
				CODE_SIGN_STYLE = Automatic;
				CURRENT_PROJECT_VERSION = 1;
				DEVELOPMENT_TEAM = V572B7767L;
				GENERATE_INFOPLIST_FILE = YES;
				MARKETING_VERSION = 1.0;
				PRODUCT_BUNDLE_IDENTIFIER = com.refahbankproject.RefahTests;
				PRODUCT_NAME = "$(TARGET_NAME)";
				SWIFT_EMIT_LOC_STRINGS = NO;
				SWIFT_VERSION = 5.0;
				TARGETED_DEVICE_FAMILY = "1,2";
				TEST_HOST = "$(BUILT_PRODUCTS_DIR)/Refah.app/$(BUNDLE_EXECUTABLE_FOLDER_PATH)/Refah";
			};
			name = Debug;
		};
		0CAFB9352A1FFB85002F0C72 /* Release */ = {
			isa = XCBuildConfiguration;
			buildSettings = {
				BUNDLE_LOADER = "$(TEST_HOST)";
				CODE_SIGN_STYLE = Automatic;
				CURRENT_PROJECT_VERSION = 1;
				DEVELOPMENT_TEAM = V572B7767L;
				GENERATE_INFOPLIST_FILE = YES;
				MARKETING_VERSION = 1.0;
				PRODUCT_BUNDLE_IDENTIFIER = com.refahbankproject.RefahTests;
				PRODUCT_NAME = "$(TARGET_NAME)";
				SWIFT_EMIT_LOC_STRINGS = NO;
				SWIFT_VERSION = 5.0;
				TARGETED_DEVICE_FAMILY = "1,2";
				TEST_HOST = "$(BUILT_PRODUCTS_DIR)/Refah.app/$(BUNDLE_EXECUTABLE_FOLDER_PATH)/Refah";
			};
			name = Release;
		};
/* End XCBuildConfiguration section */

/* Begin XCConfigurationList section */
		0CA4E30C29F8823C008D7FBB /* Build configuration list for PBXProject "Refah" */ = {
			isa = XCConfigurationList;
			buildConfigurations = (
				0CA4E32329F8823D008D7FBB /* Debug */,
				0CA4E32429F8823D008D7FBB /* Release */,
			);
			defaultConfigurationIsVisible = 0;
			defaultConfigurationName = Release;
		};
		0CA4E32529F8823D008D7FBB /* Build configuration list for PBXNativeTarget "Refah" */ = {
			isa = XCConfigurationList;
			buildConfigurations = (
				0CA4E32629F8823D008D7FBB /* Debug */,
				0CA4E32729F8823D008D7FBB /* Release */,
			);
			defaultConfigurationIsVisible = 0;
			defaultConfigurationName = Release;
		};
		0CAFB9332A1FFB85002F0C72 /* Build configuration list for PBXNativeTarget "RefahTests" */ = {
			isa = XCConfigurationList;
			buildConfigurations = (
				0CAFB9342A1FFB85002F0C72 /* Debug */,
				0CAFB9352A1FFB85002F0C72 /* Release */,
			);
			defaultConfigurationIsVisible = 0;
			defaultConfigurationName = Release;
		};
/* End XCConfigurationList section */
	};
	rootObject = 0CA4E30929F8823C008D7FBB /* Project object */;
}
